PODS:
  - FlutterMacOS (1.0.0)
  - simple_native_logger (0.1.0):
    - Flutter
    - FlutterMacOS

DEPENDENCIES:
  - FlutterMacOS (from `Flutter/ephemeral`)
  - simple_native_logger (from `Flutter/ephemeral/.symlinks/plugins/simple_native_logger/darwin`)

EXTERNAL SOURCES:
  FlutterMacOS:
    :path: Flutter/ephemeral
  simple_native_logger:
    :path: Flutter/ephemeral/.symlinks/plugins/simple_native_logger/darwin

SPEC CHECKSUMS:
  FlutterMacOS: 8f6f14fa908a6fb3fba0cd85dbd81ec4b251fb24
  simple_native_logger: e324adda860c1cf16b7c9048d2f0feb68bfbc9e7

PODFILE CHECKSUM: c2e95c8c0fe03c5c57e438583cae4cc732296009

COCOAPODS: 1.15.2
